PODS:
  - XXPickerView (1.0.1)

DEPENDENCIES:
  - XXPickerView (from `https://github.com/coolxinxin/XXPickerView.git`)

EXTERNAL SOURCES:
  XXPickerView:
    :git: https://github.com/coolxinxin/XXPickerView.git

CHECKOUT OPTIONS:
  XXPickerView:
    :commit: 083c5f76cd9921e81f62e628db3b1a5680450001
    :git: https://github.com/coolxinxin/XXPickerView.git

SPEC CHECKSUMS:
  XXPickerView: b72a69159e31910e07eeefb5301c548f63f09301

PODFILE CHECKSUM: ed6d8d113a557fc43b32ae60a81011a0ebf19c96

COCOAPODS: 1.11.3
